
Microsoft Visual Studio Solution File, Format Version 12.00
# Visual Studio Version 17
VisualStudioVersion = 17.10.35013.160
MinimumVisualStudioVersion = 10.0.40219.1
Project("{FAE04EC0-301F-11D3-BF4B-00C04F79EFBC}") = "Grade Calculator", "Grade Calculator\Grade Calculator.csproj", "{94723DCB-47C3-4FFF-9100-DDC83653B54F}"
EndProject
Global
	GlobalSection(SolutionConfigurationPlatforms) = preSolution
		Debug|Any CPU = Debug|Any CPU
		Release|Any CPU = Release|Any CPU
	EndGlobalSection
	GlobalSection(ProjectConfigurationPlatforms) = postSolution
		{94723DCB-47C3-4FFF-9100-DDC83653B54F}.Debug|Any CPU.ActiveCfg = Debug|Any CPU
		{94723DCB-47C3-4FFF-9100-DDC83653B54F}.Debug|Any CPU.Build.0 = Debug|Any CPU
		{94723DCB-47C3-4FFF-9100-DDC83653B54F}.Release|Any CPU.ActiveCfg = Release|Any CPU
		{94723DCB-47C3-4FFF-9100-DDC83653B54F}.Release|Any CPU.Build.0 = Release|Any CPU
	EndGlobalSection
	GlobalSection(SolutionProperties) = preSolution
		HideSolutionNode = FALSE
	EndGlobalSection
	GlobalSection(ExtensibilityGlobals) = postSolution
		SolutionGuid = {24EBF771-D3B4-41D2-B756-73309BFF3B72}
	EndGlobalSection
EndGlobal
